
Microsoft Visual Studio Solution File, Format Version 12.00
# Visual Studio 14
VisualStudioVersion = 14.0.23107.0
MinimumVisualStudioVersion = 10.0.40219.1
Project("{8BC9CEB8-8B4A-11D0-8D11-00A0C91BC942}") = "Lab2_3", "Lab2_3\Lab2_3.vcxproj", "{CCF19E7C-A257-471A-A9CC-C25EF7321B11}"
EndProject
Project("{8BC9CEB8-8B4A-11D0-8D11-00A0C91BC942}") = "Lab2_3_tests", "Lab2_3_tests\Lab2_3_tests.vcxproj", "{83F0D771-03F7-4F95-85F2-94E24ABA5BC6}"
EndProject
Global
	GlobalSection(SolutionConfigurationPlatforms) = preSolution
		Debug|x64 = Debug|x64
		Debug|x86 = Debug|x86
		Release|x64 = Release|x64
		Release|x86 = Release|x86
	EndGlobalSection
	GlobalSection(ProjectConfigurationPlatforms) = postSolution
		{CCF19E7C-A257-471A-A9CC-C25EF7321B11}.Debug|x64.ActiveCfg = Debug|x64
		{CCF19E7C-A257-471A-A9CC-C25EF7321B11}.Debug|x64.Build.0 = Debug|x64
		{CCF19E7C-A257-471A-A9CC-C25EF7321B11}.Debug|x86.ActiveCfg = Debug|Win32
		{CCF19E7C-A257-471A-A9CC-C25EF7321B11}.Debug|x86.Build.0 = Debug|Win32
		{CCF19E7C-A257-471A-A9CC-C25EF7321B11}.Release|x64.ActiveCfg = Release|x64
		{CCF19E7C-A257-471A-A9CC-C25EF7321B11}.Release|x64.Build.0 = Release|x64
		{CCF19E7C-A257-471A-A9CC-C25EF7321B11}.Release|x86.ActiveCfg = Release|Win32
		{CCF19E7C-A257-471A-A9CC-C25EF7321B11}.Release|x86.Build.0 = Release|Win32
		{83F0D771-03F7-4F95-85F2-94E24ABA5BC6}.Debug|x64.ActiveCfg = Debug|x64
		{83F0D771-03F7-4F95-85F2-94E24ABA5BC6}.Debug|x64.Build.0 = Debug|x64
		{83F0D771-03F7-4F95-85F2-94E24ABA5BC6}.Debug|x86.ActiveCfg = Debug|Win32
		{83F0D771-03F7-4F95-85F2-94E24ABA5BC6}.Debug|x86.Build.0 = Debug|Win32
		{83F0D771-03F7-4F95-85F2-94E24ABA5BC6}.Release|x64.ActiveCfg = Release|x64
		{83F0D771-03F7-4F95-85F2-94E24ABA5BC6}.Release|x64.Build.0 = Release|x64
		{83F0D771-03F7-4F95-85F2-94E24ABA5BC6}.Release|x86.ActiveCfg = Release|Win32
		{83F0D771-03F7-4F95-85F2-94E24ABA5BC6}.Release|x86.Build.0 = Release|Win32
	EndGlobalSection
	GlobalSection(SolutionProperties) = preSolution
		HideSolutionNode = FALSE
	EndGlobalSection
EndGlobal
